// !$*UTF8*$!
{
	archiveVersion = 1;
	classes = {
	};
	objectVersion = 50;
	objects = {

/* Begin PBXBuildFile section */
		8D8E5E2826BA473E00F0BF36 /* CustomTextField.swift in Sources */ = {isa = PBXBuildFile; fileRef = 8D8E5E2726BA473E00F0BF36 /* CustomTextField.swift */; };
		8D8E5E2F26BA4DBC00F0BF36 /* MainTabView.swift in Sources */ = {isa = PBXBuildFile; fileRef = 8D8E5E2E26BA4DBC00F0BF36 /* MainTabView.swift */; };
		8D8E5E3126BA4E4600F0BF36 /* ChannelsView.swift in Sources */ = {isa = PBXBuildFile; fileRef = 8D8E5E3026BA4E4600F0BF36 /* ChannelsView.swift */; };
		8D8E5E3326BA4E7600F0BF36 /* ChatView.swift in Sources */ = {isa = PBXBuildFile; fileRef = 8D8E5E3226BA4E7600F0BF36 /* ChatView.swift */; };
		8D8E5E3526BA4E8200F0BF36 /* ConversationView.swift in Sources */ = {isa = PBXBuildFile; fileRef = 8D8E5E3426BA4E8200F0BF36 /* ConversationView.swift */; };
		8D8E5E3726BA4EC000F0BF36 /* SettingsView.swift in Sources */ = {isa = PBXBuildFile; fileRef = 8D8E5E3626BA4EC000F0BF36 /* SettingsView.swift */; };
		8DD1E9DF26B7B01E0021E47B /* SwiftUIChatApp.swift in Sources */ = {isa = PBXBuildFile; fileRef = 8DD1E9DE26B7B01E0021E47B /* SwiftUIChatApp.swift */; };
		8DD1E9E126B7B01E0021E47B /* ContentView.swift in Sources */ = {isa = PBXBuildFile; fileRef = 8DD1E9E026B7B01E0021E47B /* ContentView.swift */; };
		8DD1E9E326B7B01E0021E47B /* Assets.xcassets in Resources */ = {isa = PBXBuildFile; fileRef = 8DD1E9E226B7B01E0021E47B /* Assets.xcassets */; };
		8DD1E9E626B7B01E0021E47B /* Preview Assets.xcassets in Resources */ = {isa = PBXBuildFile; fileRef = 8DD1E9E526B7B01E0021E47B /* Preview Assets.xcassets */; };
		8DD1E9F426B7B0870021E47B /* LoginView.swift in Sources */ = {isa = PBXBuildFile; fileRef = 8DD1E9F326B7B0870021E47B /* LoginView.swift */; };
		8DD1E9F626B7B0940021E47B /* RegistrationView.swift in Sources */ = {isa = PBXBuildFile; fileRef = 8DD1E9F526B7B0940021E47B /* RegistrationView.swift */; };
/* End PBXBuildFile section */

/* Begin PBXFileReference section */
		8D8E5E2726BA473E00F0BF36 /* CustomTextField.swift */ = {isa = PBXFileReference; lastKnownFileType = sourcecode.swift; path = CustomTextField.swift; sourceTree = "<group>"; };
		8D8E5E2E26BA4DBC00F0BF36 /* MainTabView.swift */ = {isa = PBXFileReference; lastKnownFileType = sourcecode.swift; path = MainTabView.swift; sourceTree = "<group>"; };
		8D8E5E3026BA4E4600F0BF36 /* ChannelsView.swift */ = {isa = PBXFileReference; lastKnownFileType = sourcecode.swift; path = ChannelsView.swift; sourceTree = "<group>"; };
		8D8E5E3226BA4E7600F0BF36 /* ChatView.swift */ = {isa = PBXFileReference; lastKnownFileType = sourcecode.swift; path = ChatView.swift; sourceTree = "<group>"; };
		8D8E5E3426BA4E8200F0BF36 /* ConversationView.swift */ = {isa = PBXFileReference; lastKnownFileType = sourcecode.swift; path = ConversationView.swift; sourceTree = "<group>"; };
		8D8E5E3626BA4EC000F0BF36 /* SettingsView.swift */ = {isa = PBXFileReference; lastKnownFileType = sourcecode.swift; path = SettingsView.swift; sourceTree = "<group>"; };
		8DD1E9DB26B7B01E0021E47B /* SwiftUIChat.app */ = {isa = PBXFileReference; explicitFileType = wrapper.application; includeInIndex = 0; path = SwiftUIChat.app; sourceTree = BUILT_PRODUCTS_DIR; };
		8DD1E9DE26B7B01E0021E47B /* SwiftUIChatApp.swift */ = {isa = PBXFileReference; lastKnownFileType = sourcecode.swift; path = SwiftUIChatApp.swift; sourceTree = "<group>"; };
		8DD1E9E026B7B01E0021E47B /* ContentView.swift */ = {isa = PBXFileReference; lastKnownFileType = sourcecode.swift; path = ContentView.swift; sourceTree = "<group>"; };
		8DD1E9E226B7B01E0021E47B /* Assets.xcassets */ = {isa = PBXFileReference; lastKnownFileType = folder.assetcatalog; path = Assets.xcassets; sourceTree = "<group>"; };
		8DD1E9E526B7B01E0021E47B /* Preview Assets.xcassets */ = {isa = PBXFileReference; lastKnownFileType = folder.assetcatalog; path = "Preview Assets.xcassets"; sourceTree = "<group>"; };
		8DD1E9E726B7B01E0021E47B /* Info.plist */ = {isa = PBXFileReference; lastKnownFileType = text.plist.xml; path = Info.plist; sourceTree = "<group>"; };
		8DD1E9F326B7B0870021E47B /* LoginView.swift */ = {isa = PBXFileReference; lastKnownFileType = sourcecode.swift; path = LoginView.swift; sourceTree = "<group>"; };
		8DD1E9F526B7B0940021E47B /* RegistrationView.swift */ = {isa = PBXFileReference; lastKnownFileType = sourcecode.swift; path = RegistrationView.swift; sourceTree = "<group>"; };
/* End PBXFileReference section */

/* Begin PBXFrameworksBuildPhase section */
		8DD1E9D826B7B01D0021E47B /* Frameworks */ = {
			isa = PBXFrameworksBuildPhase;
			buildActionMask = 2147483647;
			files = (
			);
			runOnlyForDeploymentPostprocessing = 0;
		};
/* End PBXFrameworksBuildPhase section */

/* Begin PBXGroup section */
		8D8E5E2926BA4D5800F0BF36 /* Settings */ = {
			isa = PBXGroup;
			children = (
				8D8E5E3626BA4EC000F0BF36 /* SettingsView.swift */,
			);
			path = Settings;
			sourceTree = "<group>";
		};
		8D8E5E2A26BA4D5A00F0BF36 /* Conversations */ = {
			isa = PBXGroup;
			children = (
				8D8E5E3426BA4E8200F0BF36 /* ConversationView.swift */,
			);
			path = Conversations;
			sourceTree = "<group>";
		};
		8D8E5E2B26BA4D5C00F0BF36 /* Channels */ = {
			isa = PBXGroup;
			children = (
				8D8E5E3026BA4E4600F0BF36 /* ChannelsView.swift */,
			);
			path = Channels;
			sourceTree = "<group>";
		};
		8D8E5E2C26BA4D5E00F0BF36 /* Chats */ = {
			isa = PBXGroup;
			children = (
				8D8E5E3226BA4E7600F0BF36 /* ChatView.swift */,
			);
			path = Chats;
			sourceTree = "<group>";
		};
		8D8E5E2D26BA4DA500F0BF36 /* Main */ = {
			isa = PBXGroup;
			children = (
				8D8E5E2E26BA4DBC00F0BF36 /* MainTabView.swift */,
			);
			path = Main;
			sourceTree = "<group>";
		};
		8DD1E9D226B7B01D0021E47B = {
			isa = PBXGroup;
			children = (
				8DD1E9DD26B7B01E0021E47B /* SwiftUIChat */,
				8DD1E9DC26B7B01E0021E47B /* Products */,
			);
			sourceTree = "<group>";
		};
		8DD1E9DC26B7B01E0021E47B /* Products */ = {
			isa = PBXGroup;
			children = (
				8DD1E9DB26B7B01E0021E47B /* SwiftUIChat.app */,
			);
			name = Products;
			sourceTree = "<group>";
		};
		8DD1E9DD26B7B01E0021E47B /* SwiftUIChat */ = {
			isa = PBXGroup;
			children = (
				8DD1E9F226B7B0400021E47B /* Model */,
				8DD1E9ED26B7B02E0021E47B /* View */,
				8DD1E9F126B7B03E0021E47B /* ViewModel */,
				8DD1E9F026B7B03D0021E47B /* API */,
				8DD1E9EF26B7B0380021E47B /* Utils */,
				8DD1E9DE26B7B01E0021E47B /* SwiftUIChatApp.swift */,
				8DD1E9E026B7B01E0021E47B /* ContentView.swift */,
				8DD1E9E226B7B01E0021E47B /* Assets.xcassets */,
				8DD1E9E726B7B01E0021E47B /* Info.plist */,
				8DD1E9E426B7B01E0021E47B /* Preview Content */,
			);
			path = SwiftUIChat;
			sourceTree = "<group>";
		};
		8DD1E9E426B7B01E0021E47B /* Preview Content */ = {
			isa = PBXGroup;
			children = (
				8DD1E9E526B7B01E0021E47B /* Preview Assets.xcassets */,
			);
			path = "Preview Content";
			sourceTree = "<group>";
		};
		8DD1E9ED26B7B02E0021E47B /* View */ = {
			isa = PBXGroup;
			children = (
				8D8E5E2D26BA4DA500F0BF36 /* Main */,
				8D8E5E2C26BA4D5E00F0BF36 /* Chats */,
				8D8E5E2B26BA4D5C00F0BF36 /* Channels */,
				8D8E5E2A26BA4D5A00F0BF36 /* Conversations */,
				8D8E5E2926BA4D5800F0BF36 /* Settings */,
				8DD1E9EE26B7B0300021E47B /* Authentication */,
			);
			path = View;
			sourceTree = "<group>";
		};
		8DD1E9EE26B7B0300021E47B /* Authentication */ = {
			isa = PBXGroup;
			children = (
				8DD1E9F326B7B0870021E47B /* LoginView.swift */,
				8DD1E9F526B7B0940021E47B /* RegistrationView.swift */,
			);
			path = Authentication;
			sourceTree = "<group>";
		};
		8DD1E9EF26B7B0380021E47B /* Utils */ = {
			isa = PBXGroup;
			children = (
				8D8E5E2726BA473E00F0BF36 /* CustomTextField.swift */,
			);
			path = Utils;
			sourceTree = "<group>";
		};
		8DD1E9F026B7B03D0021E47B /* API */ = {
			isa = PBXGroup;
			children = (
			);
			path = API;
			sourceTree = "<group>";
		};
		8DD1E9F126B7B03E0021E47B /* ViewModel */ = {
			isa = PBXGroup;
			children = (
			);
			path = ViewModel;
			sourceTree = "<group>";
		};
		8DD1E9F226B7B0400021E47B /* Model */ = {
			isa = PBXGroup;
			children = (
			);
			path = Model;
			sourceTree = "<group>";
		};
/* End PBXGroup section */

/* Begin PBXNativeTarget section */
		8DD1E9DA26B7B01D0021E47B /* SwiftUIChat */ = {
			isa = PBXNativeTarget;
			buildConfigurationList = 8DD1E9EA26B7B01E0021E47B /* Build configuration list for PBXNativeTarget "SwiftUIChat" */;
			buildPhases = (
				8DD1E9D726B7B01D0021E47B /* Sources */,
				8DD1E9D826B7B01D0021E47B /* Frameworks */,
				8DD1E9D926B7B01D0021E47B /* Resources */,
			);
			buildRules = (
			);
			dependencies = (
			);
			name = SwiftUIChat;
			productName = SwiftUIChat;
			productReference = 8DD1E9DB26B7B01E0021E47B /* SwiftUIChat.app */;
			productType = "com.apple.product-type.application";
		};
/* End PBXNativeTarget section */

/* Begin PBXProject section */
		8DD1E9D326B7B01D0021E47B /* Project object */ = {
			isa = PBXProject;
			attributes = {
				LastSwiftUpdateCheck = 1250;
				LastUpgradeCheck = 1250;
				TargetAttributes = {
					8DD1E9DA26B7B01D0021E47B = {
						CreatedOnToolsVersion = 12.5.1;
					};
				};
			};
			buildConfigurationList = 8DD1E9D626B7B01D0021E47B /* Build configuration list for PBXProject "SwiftUIChat" */;
			compatibilityVersion = "Xcode 9.3";
			developmentRegion = en;
			hasScannedForEncodings = 0;
			knownRegions = (
				en,
				Base,
			);
			mainGroup = 8DD1E9D226B7B01D0021E47B;
			productRefGroup = 8DD1E9DC26B7B01E0021E47B /* Products */;
			projectDirPath = "";
			projectRoot = "";
			targets = (
				8DD1E9DA26B7B01D0021E47B /* SwiftUIChat */,
			);
		};
/* End PBXProject section */

/* Begin PBXResourcesBuildPhase section */
		8DD1E9D926B7B01D0021E47B /* Resources */ = {
			isa = PBXResourcesBuildPhase;
			buildActionMask = 2147483647;
			files = (
				8DD1E9E626B7B01E0021E47B /* Preview Assets.xcassets in Resources */,
				8DD1E9E326B7B01E0021E47B /* Assets.xcassets in Resources */,
			);
			runOnlyForDeploymentPostprocessing = 0;
		};
/* End PBXResourcesBuildPhase section */

/* Begin PBXSourcesBuildPhase section */
		8DD1E9D726B7B01D0021E47B /* Sources */ = {
			isa = PBXSourcesBuildPhase;
			buildActionMask = 2147483647;
			files = (
				8DD1E9F426B7B0870021E47B /* LoginView.swift in Sources */,
				8D8E5E3126BA4E4600F0BF36 /* ChannelsView.swift in Sources */,
				8DD1E9E126B7B01E0021E47B /* ContentView.swift in Sources */,
				8DD1E9DF26B7B01E0021E47B /* SwiftUIChatApp.swift in Sources */,
				8D8E5E3326BA4E7600F0BF36 /* ChatView.swift in Sources */,
				8D8E5E3726BA4EC000F0BF36 /* SettingsView.swift in Sources */,
				8DD1E9F626B7B0940021E47B /* RegistrationView.swift in Sources */,
				8D8E5E2826BA473E00F0BF36 /* CustomTextField.swift in Sources */,
				8D8E5E2F26BA4DBC00F0BF36 /* MainTabView.swift in Sources */,
				8D8E5E3526BA4E8200F0BF36 /* ConversationView.swift in Sources */,
			);
			runOnlyForDeploymentPostprocessing = 0;
		};
/* End PBXSourcesBuildPhase section */

/* Begin XCBuildConfiguration section */
		8DD1E9E826B7B01E0021E47B /* Debug */ = {
			isa = XCBuildConfiguration;
			buildSettings = {
				ALWAYS_SEARCH_USER_PATHS = NO;
				CLANG_ANALYZER_NONNULL = YES;
				CLANG_ANALYZER_NUMBER_OBJECT_CONVERSION = YES_AGGRESSIVE;
				CLANG_CXX_LANGUAGE_STANDARD = "gnu++14";
				CLANG_CXX_LIBRARY = "libc++";
				CLANG_ENABLE_MODULES = YES;
				CLANG_ENABLE_OBJC_ARC = YES;
				CLANG_ENABLE_OBJC_WEAK = YES;
				CLANG_WARN_BLOCK_CAPTURE_AUTORELEASING = YES;
				CLANG_WARN_BOOL_CONVERSION = YES;
				CLANG_WARN_COMMA = YES;
				CLANG_WARN_CONSTANT_CONVERSION = YES;
				CLANG_WARN_DEPRECATED_OBJC_IMPLEMENTATIONS = YES;
				CLANG_WARN_DIRECT_OBJC_ISA_USAGE = YES_ERROR;
				CLANG_WARN_DOCUMENTATION_COMMENTS = YES;
				CLANG_WARN_EMPTY_BODY = YES;
				CLANG_WARN_ENUM_CONVERSION = YES;
				CLANG_WARN_INFINITE_RECURSION = YES;
				CLANG_WARN_INT_CONVERSION = YES;
				CLANG_WARN_NON_LITERAL_NULL_CONVERSION = YES;
				CLANG_WARN_OBJC_IMPLICIT_RETAIN_SELF = YES;
				CLANG_WARN_OBJC_LITERAL_CONVERSION = YES;
				CLANG_WARN_OBJC_ROOT_CLASS = YES_ERROR;
				CLANG_WARN_QUOTED_INCLUDE_IN_FRAMEWORK_HEADER = YES;
				CLANG_WARN_RANGE_LOOP_ANALYSIS = YES;
				CLANG_WARN_STRICT_PROTOTYPES = YES;
				CLANG_WARN_SUSPICIOUS_MOVE = YES;
				CLANG_WARN_UNGUARDED_AVAILABILITY = YES_AGGRESSIVE;
				CLANG_WARN_UNREACHABLE_CODE = YES;
				CLANG_WARN__DUPLICATE_METHOD_MATCH = YES;
				COPY_PHASE_STRIP = NO;
				DEBUG_INFORMATION_FORMAT = dwarf;
				ENABLE_STRICT_OBJC_MSGSEND = YES;
				ENABLE_TESTABILITY = YES;
				GCC_C_LANGUAGE_STANDARD = gnu11;
				GCC_DYNAMIC_NO_PIC = NO;
				GCC_NO_COMMON_BLOCKS = YES;
				GCC_OPTIMIZATION_LEVEL = 0;
				GCC_PREPROCESSOR_DEFINITIONS = (
					"DEBUG=1",
					"$(inherited)",
				);
				GCC_WARN_64_TO_32_BIT_CONVERSION = YES;
				GCC_WARN_ABOUT_RETURN_TYPE = YES_ERROR;
				GCC_WARN_UNDECLARED_SELECTOR = YES;
				GCC_WARN_UNINITIALIZED_AUTOS = YES_AGGRESSIVE;
				GCC_WARN_UNUSED_FUNCTION = YES;
				GCC_WARN_UNUSED_VARIABLE = YES;
				IPHONEOS_DEPLOYMENT_TARGET = 14.5;
				MTL_ENABLE_DEBUG_INFO = INCLUDE_SOURCE;
				MTL_FAST_MATH = YES;
				ONLY_ACTIVE_ARCH = YES;
				SDKROOT = iphoneos;
				SWIFT_ACTIVE_COMPILATION_CONDITIONS = DEBUG;
				SWIFT_OPTIMIZATION_LEVEL = "-Onone";
			};
			name = Debug;
		};
		8DD1E9E926B7B01E0021E47B /* Release */ = {
			isa = XCBuildConfiguration;
			buildSettings = {
				ALWAYS_SEARCH_USER_PATHS = NO;
				CLANG_ANALYZER_NONNULL = YES;
				CLANG_ANALYZER_NUMBER_OBJECT_CONVERSION = YES_AGGRESSIVE;
				CLANG_CXX_LANGUAGE_STANDARD = "gnu++14";
				CLANG_CXX_LIBRARY = "libc++";
				CLANG_ENABLE_MODULES = YES;
				CLANG_ENABLE_OBJC_ARC = YES;
				CLANG_ENABLE_OBJC_WEAK = YES;
				CLANG_WARN_BLOCK_CAPTURE_AUTORELEASING = YES;
				CLANG_WARN_BOOL_CONVERSION = YES;
				CLANG_WARN_COMMA = YES;
				CLANG_WARN_CONSTANT_CONVERSION = YES;
				CLANG_WARN_DEPRECATED_OBJC_IMPLEMENTATIONS = YES;
				CLANG_WARN_DIRECT_OBJC_ISA_USAGE = YES_ERROR;
				CLANG_WARN_DOCUMENTATION_COMMENTS = YES;
				CLANG_WARN_EMPTY_BODY = YES;
				CLANG_WARN_ENUM_CONVERSION = YES;
				CLANG_WARN_INFINITE_RECURSION = YES;
				CLANG_WARN_INT_CONVERSION = YES;
				CLANG_WARN_NON_LITERAL_NULL_CONVERSION = YES;
				CLANG_WARN_OBJC_IMPLICIT_RETAIN_SELF = YES;
				CLANG_WARN_OBJC_LITERAL_CONVERSION = YES;
				CLANG_WARN_OBJC_ROOT_CLASS = YES_ERROR;
				CLANG_WARN_QUOTED_INCLUDE_IN_FRAMEWORK_HEADER = YES;
				CLANG_WARN_RANGE_LOOP_ANALYSIS = YES;
				CLANG_WARN_STRICT_PROTOTYPES = YES;
				CLANG_WARN_SUSPICIOUS_MOVE = YES;
				CLANG_WARN_UNGUARDED_AVAILABILITY = YES_AGGRESSIVE;
				CLANG_WARN_UNREACHABLE_CODE = YES;
				CLANG_WARN__DUPLICATE_METHOD_MATCH = YES;
				COPY_PHASE_STRIP = NO;
				DEBUG_INFORMATION_FORMAT = "dwarf-with-dsym";
				ENABLE_NS_ASSERTIONS = NO;
				ENABLE_STRICT_OBJC_MSGSEND = YES;
				GCC_C_LANGUAGE_STANDARD = gnu11;
				GCC_NO_COMMON_BLOCKS = YES;
				GCC_WARN_64_TO_32_BIT_CONVERSION = YES;
				GCC_WARN_ABOUT_RETURN_TYPE = YES_ERROR;
				GCC_WARN_UNDECLARED_SELECTOR = YES;
				GCC_WARN_UNINITIALIZED_AUTOS = YES_AGGRESSIVE;
				GCC_WARN_UNUSED_FUNCTION = YES;
				GCC_WARN_UNUSED_VARIABLE = YES;
				IPHONEOS_DEPLOYMENT_TARGET = 14.5;
				MTL_ENABLE_DEBUG_INFO = NO;
				MTL_FAST_MATH = YES;
				SDKROOT = iphoneos;
				SWIFT_COMPILATION_MODE = wholemodule;
				SWIFT_OPTIMIZATION_LEVEL = "-O";
				VALIDATE_PRODUCT = YES;
			};
			name = Release;
		};
		8DD1E9EB26B7B01E0021E47B /* Debug */ = {
			isa = XCBuildConfiguration;
			buildSettings = {
				ASSETCATALOG_COMPILER_APPICON_NAME = AppIcon;
				ASSETCATALOG_COMPILER_GLOBAL_ACCENT_COLOR_NAME = AccentColor;
				CODE_SIGN_STYLE = Automatic;
				DEVELOPMENT_ASSET_PATHS = "\"SwiftUIChat/Preview Content\"";
				DEVELOPMENT_TEAM = PNJN7FTBY9;
				ENABLE_PREVIEWS = YES;
				INFOPLIST_FILE = SwiftUIChat/Info.plist;
				IPHONEOS_DEPLOYMENT_TARGET = 14.0;
				LD_RUNPATH_SEARCH_PATHS = (
					"$(inherited)",
					"@executable_path/Frameworks",
				);
				PRODUCT_BUNDLE_IDENTIFIER = com.jennylee.swiftUIChat.SwiftUIChat;
				PRODUCT_NAME = "$(TARGET_NAME)";
				SWIFT_VERSION = 5.0;
				TARGETED_DEVICE_FAMILY = "1,2";
			};
			name = Debug;
		};
		8DD1E9EC26B7B01E0021E47B /* Release */ = {
			isa = XCBuildConfiguration;
			buildSettings = {
				ASSETCATALOG_COMPILER_APPICON_NAME = AppIcon;
				ASSETCATALOG_COMPILER_GLOBAL_ACCENT_COLOR_NAME = AccentColor;
				CODE_SIGN_STYLE = Automatic;
				DEVELOPMENT_ASSET_PATHS = "\"SwiftUIChat/Preview Content\"";
				DEVELOPMENT_TEAM = PNJN7FTBY9;
				ENABLE_PREVIEWS = YES;
				INFOPLIST_FILE = SwiftUIChat/Info.plist;
				IPHONEOS_DEPLOYMENT_TARGET = 14.0;
				LD_RUNPATH_SEARCH_PATHS = (
					"$(inherited)",
					"@executable_path/Frameworks",
				);
				PRODUCT_BUNDLE_IDENTIFIER = com.jennylee.swiftUIChat.SwiftUIChat;
				PRODUCT_NAME = "$(TARGET_NAME)";
				SWIFT_VERSION = 5.0;
				TARGETED_DEVICE_FAMILY = "1,2";
			};
			name = Release;
		};
/* End XCBuildConfiguration section */

/* Begin XCConfigurationList section */
		8DD1E9D626B7B01D0021E47B /* Build configuration list for PBXProject "SwiftUIChat" */ = {
			isa = XCConfigurationList;
			buildConfigurations = (
				8DD1E9E826B7B01E0021E47B /* Debug */,
				8DD1E9E926B7B01E0021E47B /* Release */,
			);
			defaultConfigurationIsVisible = 0;
			defaultConfigurationName = Release;
		};
		8DD1E9EA26B7B01E0021E47B /* Build configuration list for PBXNativeTarget "SwiftUIChat" */ = {
			isa = XCConfigurationList;
			buildConfigurations = (
				8DD1E9EB26B7B01E0021E47B /* Debug */,
				8DD1E9EC26B7B01E0021E47B /* Release */,
			);
			defaultConfigurationIsVisible = 0;
			defaultConfigurationName = Release;
		};
/* End XCConfigurationList section */
	};
	rootObject = 8DD1E9D326B7B01D0021E47B /* Project object */;
}
